{
  "nodes": {
    "nixpkgs": {
      "locked": {
        "lastModified": 1677480869,
        "narHash": "sha256-JqSHh8zE2ztj185hYYYx7+ML9DVNjDVMinTDbYP/iq0=",
        "owner": "NixOS",
        "repo": "nixpkgs",
        "rev": "02aa9854e20363b33932b5a9d4e87bc3c37ce820",
        "type": "github"
      },
      "original": {
        "owner": "NixOS",
        "ref": "release-22.11",
        "repo": "nixpkgs",
        "type": "github"
      }
    },
    "root": {
      "inputs": {
        "nixpkgs": "nixpkgs"
      }
    }
  },
  "root": "root",
  "version": 7
}
